
Microsoft Visual Studio Solution File, Format Version 11.00
# Visual Studio 2010
Project("{FAE04EC0-301F-11D3-BF4B-00C04F79EFBC}") = "Assembly-CSharp", "Assembly-CSharp.csproj", "{CEEB777E-6AA9-6F34-4353-CCE1B980604C}"
EndProject
Global
	GlobalSection(SolutionConfigurationPlatforms) = preSolution
		Debug|Any CPU = Debug|Any CPU
		Release|Any CPU = Release|Any CPU
	EndGlobalSection
	GlobalSection(ProjectConfigurationPlatforms) = postSolution
		{CEEB777E-6AA9-6F34-4353-CCE1B980604C}.Debug|Any CPU.ActiveCfg = Debug|Any CPU
		{CEEB777E-6AA9-6F34-4353-CCE1B980604C}.Debug|Any CPU.Build.0 = Debug|Any CPU
		{CEEB777E-6AA9-6F34-4353-CCE1B980604C}.Release|Any CPU.ActiveCfg = Release|Any CPU
		{CEEB777E-6AA9-6F34-4353-CCE1B980604C}.Release|Any CPU.Build.0 = Release|Any CPU
	EndGlobalSection
	GlobalSection(SolutionProperties) = preSolution
		HideSolutionNode = FALSE
	EndGlobalSection
EndGlobal
